
Microsoft Visual Studio Solution File, Format Version 12.00
# Visual Studio Version 17
VisualStudioVersion = 17.3.32825.248
MinimumVisualStudioVersion = 10.0.40219.1
Project("{9A19103F-16F7-4668-BE54-9A1E7A4F7556}") = "TryCathFinally", "ConsoleApp1\TryCathFinally.csproj", "{41208FCE-8335-49D4-AC07-8C5A9E19C58A}"
EndProject
Project("{9A19103F-16F7-4668-BE54-9A1E7A4F7556}") = "Sort", "ConsoleApp2\Sort.csproj", "{5D9C7494-311F-4616-8102-4B1BD7D61B44}"
EndProject
Global
	GlobalSection(SolutionConfigurationPlatforms) = preSolution
		Debug|Any CPU = Debug|Any CPU
		Release|Any CPU = Release|Any CPU
	EndGlobalSection
	GlobalSection(ProjectConfigurationPlatforms) = postSolution
		{41208FCE-8335-49D4-AC07-8C5A9E19C58A}.Debug|Any CPU.ActiveCfg = Debug|Any CPU
		{41208FCE-8335-49D4-AC07-8C5A9E19C58A}.Debug|Any CPU.Build.0 = Debug|Any CPU
		{41208FCE-8335-49D4-AC07-8C5A9E19C58A}.Release|Any CPU.ActiveCfg = Release|Any CPU
		{41208FCE-8335-49D4-AC07-8C5A9E19C58A}.Release|Any CPU.Build.0 = Release|Any CPU
		{5D9C7494-311F-4616-8102-4B1BD7D61B44}.Debug|Any CPU.ActiveCfg = Debug|Any CPU
		{5D9C7494-311F-4616-8102-4B1BD7D61B44}.Debug|Any CPU.Build.0 = Debug|Any CPU
		{5D9C7494-311F-4616-8102-4B1BD7D61B44}.Release|Any CPU.ActiveCfg = Release|Any CPU
		{5D9C7494-311F-4616-8102-4B1BD7D61B44}.Release|Any CPU.Build.0 = Release|Any CPU
	EndGlobalSection
	GlobalSection(SolutionProperties) = preSolution
		HideSolutionNode = FALSE
	EndGlobalSection
	GlobalSection(ExtensibilityGlobals) = postSolution
		SolutionGuid = {2ACE17AB-95E6-40C3-8756-A1C4ACE0C7BB}
	EndGlobalSection
EndGlobal
